<?xml version="1.0" encoding="utf-8"?>
<Project ToolsVersion="4.0" xmlns="http://schemas.microsoft.com/developer/msbuild/2003">
  <ItemGroup>
    <Filter Include="modules">
      <UniqueIdentifier>{212BF124-DF0B-CDE7-390D-94BCC1C226CB}</UniqueIdentifier>
    </Filter>
    <Filter Include="modules\widget-utils">
      <UniqueIdentifier>{3CBA2874-E4BA-62BE-1A75-A53008EE4014}</UniqueIdentifier>
    </Filter>
    <Filter Include="modules\widget-utils\_excluded_files">
      <UniqueIdentifier>{158E591E-B6EA-0C85-8F5A-18EAFA09B4CE}</UniqueIdentifier>
    </Filter>
    <Filter Include="modules">
      <UniqueIdentifier>{212BF124-DF0B-CDE7-390D-94BCC1C226CB}</UniqueIdentifier>
    </Filter>
    <Filter Include="modules\scriptitems">
      <UniqueIdentifier>{18380EBF-DAD6-3B60-1AB3-1E74B69D7066}</UniqueIdentifier>
    </Filter>
    <Filter Include="modules\scriptitems\_excluded_files">
      <UniqueIdentifier>{158E591E-B6EA-0C85-8F5A-18EAFA09B4CE}</UniqueIdentifier>
    </Filter>
    <Filter Include="libraries">
      <UniqueIdentifier>{91746794-0D1F-C637-2673-8F987201349D}</UniqueIdentifier>
    </Filter>
    <Filter Include="libraries\canvas">
      <UniqueIdentifier>{DEA4AB51-B549-85A1-22D5-E0016A2DBD70}</UniqueIdentifier>
    </Filter>
    <Filter Include="libraries\canvas\_excluded_files">
      <UniqueIdentifier>{158E591E-B6EA-0C85-8F5A-18EAFA09B4CE}</UniqueIdentifier>
    </Filter>
    <Filter Include="libraries">
      <UniqueIdentifier>{91746794-0D1F-C637-2673-8F987201349D}</UniqueIdentifier>
    </Filter>
    <Filter Include="libraries\iconsvg">
      <UniqueIdentifier>{8D9605D0-39BD-C4F0-34BA-DA21F2F524F1}</UniqueIdentifier>
    </Filter>
    <Filter Include="libraries\iconsvg\_excluded_files">
      <UniqueIdentifier>{158E591E-B6EA-0C85-8F5A-18EAFA09B4CE}</UniqueIdentifier>
    </Filter>
    <Filter Include="libraries">
      <UniqueIdentifier>{91746794-0D1F-C637-2673-8F987201349D}</UniqueIdentifier>
    </Filter>
    <Filter Include="libraries\json">
      <UniqueIdentifier>{925A1F1B-2B9E-1800-B702-8923A5680923}</UniqueIdentifier>
    </Filter>
    <Filter Include="libraries\json\_excluded_files">
      <UniqueIdentifier>{158E591E-B6EA-0C85-8F5A-18EAFA09B4CE}</UniqueIdentifier>
    </Filter>
    <Filter Include="libraries">
      <UniqueIdentifier>{91746794-0D1F-C637-2673-8F987201349D}</UniqueIdentifier>
    </Filter>
    <Filter Include="libraries\objectrepository">
      <UniqueIdentifier>{08CBC679-4AD5-A534-782A-6BBD0EDA4E09}</UniqueIdentifier>
    </Filter>
    <Filter Include="libraries\objectrepository\_excluded_files">
      <UniqueIdentifier>{158E591E-B6EA-0C85-8F5A-18EAFA09B4CE}</UniqueIdentifier>
    </Filter>
    <Filter Include="libraries">
      <UniqueIdentifier>{91746794-0D1F-C637-2673-8F987201349D}</UniqueIdentifier>
    </Filter>
    <Filter Include="libraries\ini">
      <UniqueIdentifier>{A7AB76EB-5528-F7B9-F9EC-F96DD021CCF5}</UniqueIdentifier>
    </Filter>
    <Filter Include="libraries\ini\_excluded_files">
      <UniqueIdentifier>{158E591E-B6EA-0C85-8F5A-18EAFA09B4CE}</UniqueIdentifier>
    </Filter>
    <Filter Include="libraries">
      <UniqueIdentifier>{91746794-0D1F-C637-2673-8F987201349D}</UniqueIdentifier>
    </Filter>
    <Filter Include="libraries\timezone">
      <UniqueIdentifier>{1F2F4E3C-8485-CE63-6C84-B3D7010FF8CC}</UniqueIdentifier>
    </Filter>
    <Filter Include="libraries\timezone\_excluded_files">
      <UniqueIdentifier>{158E591E-B6EA-0C85-8F5A-18EAFA09B4CE}</UniqueIdentifier>
    </Filter>
    <Filter Include="libraries">
      <UniqueIdentifier>{91746794-0D1F-C637-2673-8F987201349D}</UniqueIdentifier>
    </Filter>
    <Filter Include="libraries\macstatusmenu">
      <UniqueIdentifier>{EEE9E875-6467-0F7D-44AA-AC5F00FA2A95}</UniqueIdentifier>
    </Filter>
    <Filter Include="libraries\macstatusmenu\_excluded_files">
      <UniqueIdentifier>{158E591E-B6EA-0C85-8F5A-18EAFA09B4CE}</UniqueIdentifier>
    </Filter>
    <Filter Include="libraries">
      <UniqueIdentifier>{91746794-0D1F-C637-2673-8F987201349D}</UniqueIdentifier>
    </Filter>
    <Filter Include="libraries\macoswindowresizeanimation">
      <UniqueIdentifier>{91D82978-F97A-1E94-8839-C3762CA24416}</UniqueIdentifier>
    </Filter>
    <Filter Include="libraries\macoswindowresizeanimation\_excluded_files">
      <UniqueIdentifier>{158E591E-B6EA-0C85-8F5A-18EAFA09B4CE}</UniqueIdentifier>
    </Filter>
    <Filter Include="libraries">
      <UniqueIdentifier>{91746794-0D1F-C637-2673-8F987201349D}</UniqueIdentifier>
    </Filter>
    <Filter Include="libraries\macosrequestuserattention">
      <UniqueIdentifier>{4F60A896-344A-2129-6A9A-1B0338CCBCBA}</UniqueIdentifier>
    </Filter>
    <Filter Include="libraries\macosrequestuserattention\_excluded_files">
      <UniqueIdentifier>{158E591E-B6EA-0C85-8F5A-18EAFA09B4CE}</UniqueIdentifier>
    </Filter>
    <Filter Include="libraries">
      <UniqueIdentifier>{91746794-0D1F-C637-2673-8F987201349D}</UniqueIdentifier>
    </Filter>
    <Filter Include="libraries\macoscontacts">
      <UniqueIdentifier>{61B592C5-448F-7B27-E6C9-6D783D0667E0}</UniqueIdentifier>
    </Filter>
    <Filter Include="libraries\macoscontacts\_excluded_files">
      <UniqueIdentifier>{158E591E-B6EA-0C85-8F5A-18EAFA09B4CE}</UniqueIdentifier>
    </Filter>
    <Filter Include="libraries">
      <UniqueIdentifier>{91746794-0D1F-C637-2673-8F987201349D}</UniqueIdentifier>
    </Filter>
    <Filter Include="libraries\macosdock">
      <UniqueIdentifier>{15C63D48-4B37-4EA3-79D3-38239F6E4453}</UniqueIdentifier>
    </Filter>
    <Filter Include="libraries\macosdock\_excluded_files">
      <UniqueIdentifier>{158E591E-B6EA-0C85-8F5A-18EAFA09B4CE}</UniqueIdentifier>
    </Filter>
    <Filter Include="libraries">
      <UniqueIdentifier>{91746794-0D1F-C637-2673-8F987201349D}</UniqueIdentifier>
    </Filter>
    <Filter Include="libraries\macosfsevents">
      <UniqueIdentifier>{1A833B8E-6E7F-C22F-BB91-D6C8755E2C07}</UniqueIdentifier>
    </Filter>
    <Filter Include="libraries\macosfsevents\_excluded_files">
      <UniqueIdentifier>{158E591E-B6EA-0C85-8F5A-18EAFA09B4CE}</UniqueIdentifier>
    </Filter>
    <Filter Include="libraries">
      <UniqueIdentifier>{91746794-0D1F-C637-2673-8F987201349D}</UniqueIdentifier>
    </Filter>
    <Filter Include="libraries\macoskeychain">
      <UniqueIdentifier>{306069F0-828E-D2CB-E4D3-8D5116859EB6}</UniqueIdentifier>
    </Filter>
    <Filter Include="libraries\macoskeychain\_excluded_files">
      <UniqueIdentifier>{158E591E-B6EA-0C85-8F5A-18EAFA09B4CE}</UniqueIdentifier>
    </Filter>
    <Filter Include="libraries">
      <UniqueIdentifier>{91746794-0D1F-C637-2673-8F987201349D}</UniqueIdentifier>
    </Filter>
    <Filter Include="libraries\macosmenubar">
      <UniqueIdentifier>{447F0E4F-A9CD-2C63-3ABC-D6AEE05CC8FD}</UniqueIdentifier>
    </Filter>
    <Filter Include="libraries\macosmenubar\_excluded_files">
      <UniqueIdentifier>{158E591E-B6EA-0C85-8F5A-18EAFA09B4CE}</UniqueIdentifier>
    </Filter>
    <Filter Include="libraries">
      <UniqueIdentifier>{91746794-0D1F-C637-2673-8F987201349D}</UniqueIdentifier>
    </Filter>
    <Filter Include="libraries\macostoolbar">
      <UniqueIdentifier>{E72ED6E5-4F4C-DED6-A422-9584D19FE61B}</UniqueIdentifier>
    </Filter>
    <Filter Include="libraries\macostoolbar\_excluded_files">
      <UniqueIdentifier>{158E591E-B6EA-0C85-8F5A-18EAFA09B4CE}</UniqueIdentifier>
    </Filter>
    <Filter Include="libraries">
      <UniqueIdentifier>{91746794-0D1F-C637-2673-8F987201349D}</UniqueIdentifier>
    </Filter>

    <Filter Include="widgets">
      <UniqueIdentifier>{D8325E6E-3EF1-B77B-73F4-48DF6191CD82}</UniqueIdentifier>
    </Filter>
    <Filter Include="widgets\macbutton">
      <UniqueIdentifier>{D4DE3088-B5FF-5695-7459-63D1EB7BAAF6}</UniqueIdentifier>
    </Filter>
    <Filter Include="widgets\macbutton\_excluded_files">
      <UniqueIdentifier>{158E591E-B6EA-0C85-8F5A-18EAFA09B4CE}</UniqueIdentifier>
    </Filter>
    <Filter Include="widgets">
      <UniqueIdentifier>{D8325E6E-3EF1-B77B-73F4-48DF6191CD82}</UniqueIdentifier>
    </Filter>
    <Filter Include="widgets\mactextfield">
      <UniqueIdentifier>{8E8197DF-B378-2568-1116-6009038784DE}</UniqueIdentifier>
    </Filter>
    <Filter Include="widgets\mactextfield\_excluded_files">
      <UniqueIdentifier>{158E591E-B6EA-0C85-8F5A-18EAFA09B4CE}</UniqueIdentifier>
    </Filter>
    <Filter Include="widgets">
      <UniqueIdentifier>{D8325E6E-3EF1-B77B-73F4-48DF6191CD82}</UniqueIdentifier>
    </Filter>
    <Filter Include="widgets\browser">
      <UniqueIdentifier>{24B57E1E-8660-A3AB-E8EF-7828EB881EF4}</UniqueIdentifier>
    </Filter>
    <Filter Include="widgets\browser\_excluded_files">
      <UniqueIdentifier>{158E591E-B6EA-0C85-8F5A-18EAFA09B4CE}</UniqueIdentifier>
    </Filter>
    <Filter Include="widgets">
      <UniqueIdentifier>{D8325E6E-3EF1-B77B-73F4-48DF6191CD82}</UniqueIdentifier>
    </Filter>
    <Filter Include="widgets\clock">
      <UniqueIdentifier>{5C098926-8618-9276-937E-4E547EDA6CCB}</UniqueIdentifier>
    </Filter>
    <Filter Include="widgets\clock\_excluded_files">
      <UniqueIdentifier>{158E591E-B6EA-0C85-8F5A-18EAFA09B4CE}</UniqueIdentifier>
    </Filter>
    <Filter Include="widgets">
      <UniqueIdentifier>{D8325E6E-3EF1-B77B-73F4-48DF6191CD82}</UniqueIdentifier>
    </Filter>
    <Filter Include="widgets\graph">
      <UniqueIdentifier>{B87F7F41-6DC4-B7AE-5A3B-7671513E0418}</UniqueIdentifier>
    </Filter>
    <Filter Include="widgets\graph\_excluded_files">
      <UniqueIdentifier>{158E591E-B6EA-0C85-8F5A-18EAFA09B4CE}</UniqueIdentifier>
    </Filter>
    <Filter Include="widgets">
      <UniqueIdentifier>{D8325E6E-3EF1-B77B-73F4-48DF6191CD82}</UniqueIdentifier>
    </Filter>
    <Filter Include="widgets\header">
      <UniqueIdentifier>{7BCE4D07-CBFA-A494-694A-11DEF1521828}</UniqueIdentifier>
    </Filter>
    <Filter Include="widgets\header\_excluded_files">
      <UniqueIdentifier>{158E591E-B6EA-0C85-8F5A-18EAFA09B4CE}</UniqueIdentifier>
    </Filter>
    <Filter Include="widgets">
      <UniqueIdentifier>{D8325E6E-3EF1-B77B-73F4-48DF6191CD82}</UniqueIdentifier>
    </Filter>
    <Filter Include="widgets\iconpicker">
      <UniqueIdentifier>{8734341A-B916-4553-9987-11843DB72DF8}</UniqueIdentifier>
    </Filter>
    <Filter Include="widgets\iconpicker\_excluded_files">
      <UniqueIdentifier>{158E591E-B6EA-0C85-8F5A-18EAFA09B4CE}</UniqueIdentifier>
    </Filter>
    <Filter Include="widgets">
      <UniqueIdentifier>{D8325E6E-3EF1-B77B-73F4-48DF6191CD82}</UniqueIdentifier>
    </Filter>
    <Filter Include="widgets\navbar">
      <UniqueIdentifier>{F0D21D8F-9DF4-6DC2-D701-17AFB86149B4}</UniqueIdentifier>
    </Filter>
    <Filter Include="widgets\navbar\_excluded_files">
      <UniqueIdentifier>{158E591E-B6EA-0C85-8F5A-18EAFA09B4CE}</UniqueIdentifier>
    </Filter>
    <Filter Include="widgets">
      <UniqueIdentifier>{D8325E6E-3EF1-B77B-73F4-48DF6191CD82}</UniqueIdentifier>
    </Filter>
    <Filter Include="widgets\paletteactions">
      <UniqueIdentifier>{785112D4-D869-29BA-BAE6-044CD391AE8D}</UniqueIdentifier>
    </Filter>
    <Filter Include="widgets\paletteactions\_excluded_files">
      <UniqueIdentifier>{158E591E-B6EA-0C85-8F5A-18EAFA09B4CE}</UniqueIdentifier>
    </Filter>
    <Filter Include="widgets">
      <UniqueIdentifier>{D8325E6E-3EF1-B77B-73F4-48DF6191CD82}</UniqueIdentifier>
    </Filter>
    <Filter Include="widgets\segmented">
      <UniqueIdentifier>{8EE0F48E-5667-6F4E-9628-589DE3A75828}</UniqueIdentifier>
    </Filter>
    <Filter Include="widgets\segmented\_excluded_files">
      <UniqueIdentifier>{158E591E-B6EA-0C85-8F5A-18EAFA09B4CE}</UniqueIdentifier>
    </Filter>
    <Filter Include="widgets">
      <UniqueIdentifier>{D8325E6E-3EF1-B77B-73F4-48DF6191CD82}</UniqueIdentifier>
    </Filter>
    <Filter Include="widgets\svgpath">
      <UniqueIdentifier>{84D9034D-D4D7-71C9-295F-2AE24CB16A7D}</UniqueIdentifier>
    </Filter>
    <Filter Include="widgets\svgpath\_excluded_files">
      <UniqueIdentifier>{158E591E-B6EA-0C85-8F5A-18EAFA09B4CE}</UniqueIdentifier>
    </Filter>
    <Filter Include="widgets">
      <UniqueIdentifier>{D8325E6E-3EF1-B77B-73F4-48DF6191CD82}</UniqueIdentifier>
    </Filter>
    <Filter Include="widgets\switchbutton">
      <UniqueIdentifier>{D83FE857-794B-1F1E-6264-F7DA8FF808D8}</UniqueIdentifier>
    </Filter>
    <Filter Include="widgets\switchbutton\_excluded_files">
      <UniqueIdentifier>{158E591E-B6EA-0C85-8F5A-18EAFA09B4CE}</UniqueIdentifier>
    </Filter>
    <Filter Include="widgets">
      <UniqueIdentifier>{D8325E6E-3EF1-B77B-73F4-48DF6191CD82}</UniqueIdentifier>
    </Filter>
    <Filter Include="widgets\treeview">
      <UniqueIdentifier>{B079325C-43C6-ECA7-3270-7EE62E804280}</UniqueIdentifier>
    </Filter>
    <Filter Include="widgets\treeview\_excluded_files">
      <UniqueIdentifier>{158E591E-B6EA-0C85-8F5A-18EAFA09B4CE}</UniqueIdentifier>
    </Filter>
    <Filter Include="widgets">
      <UniqueIdentifier>{D8325E6E-3EF1-B77B-73F4-48DF6191CD82}</UniqueIdentifier>
    </Filter>
    <Filter Include="widgets\colorswatch">
      <UniqueIdentifier>{3C371850-E751-E196-815B-6B9287142CEB}</UniqueIdentifier>
    </Filter>
    <Filter Include="widgets\colorswatch\_excluded_files">
      <UniqueIdentifier>{158E591E-B6EA-0C85-8F5A-18EAFA09B4CE}</UniqueIdentifier>
    </Filter>
    <Filter Include="widgets">
      <UniqueIdentifier>{D8325E6E-3EF1-B77B-73F4-48DF6191CD82}</UniqueIdentifier>
    </Filter>
    <Filter Include="widgets\gradientrampeditor">
      <UniqueIdentifier>{2486EBD9-27B0-CAAF-F7A2-9D0617823882}</UniqueIdentifier>
    </Filter>
    <Filter Include="widgets\gradientrampeditor\_excluded_files">
      <UniqueIdentifier>{158E591E-B6EA-0C85-8F5A-18EAFA09B4CE}</UniqueIdentifier>
    </Filter>
    <Filter Include="widgets">
      <UniqueIdentifier>{D8325E6E-3EF1-B77B-73F4-48DF6191CD82}</UniqueIdentifier>
    </Filter>
    <Filter Include="widgets\tile">
      <UniqueIdentifier>{884FA0C7-F26F-82DF-7107-70F952DD0C1E}</UniqueIdentifier>
    </Filter>
    <Filter Include="widgets\tile\_excluded_files">
      <UniqueIdentifier>{158E591E-B6EA-0C85-8F5A-18EAFA09B4CE}</UniqueIdentifier>
    </Filter>
    <Filter Include="widgets">
      <UniqueIdentifier>{D8325E6E-3EF1-B77B-73F4-48DF6191CD82}</UniqueIdentifier>
    </Filter>
    <Filter Include="widgets\spinner">
      <UniqueIdentifier>{AF8FDABE-762D-188F-C63E-D3305686C579}</UniqueIdentifier>
    </Filter>
    <Filter Include="widgets\spinner\_excluded_files">
      <UniqueIdentifier>{158E591E-B6EA-0C85-8F5A-18EAFA09B4CE}</UniqueIdentifier>
    </Filter>
    <Filter Include="script-libraries">
      <UniqueIdentifier>{97BF98D2-858D-BC1B-6F18-5EDFBFD0508E}</UniqueIdentifier>
    </Filter>
    <Filter Include="script-libraries\extension-utils">
      <UniqueIdentifier>{0E72C4D7-62E4-9F5A-BCA8-1E091EAFFE68}</UniqueIdentifier>
    </Filter>
    <Filter Include="script-libraries\extension-utils\resources">
      <UniqueIdentifier>{02993FF4-6DD0-55B6-6A36-E99A964FF863}</UniqueIdentifier>
    </Filter>
    <Filter Include="script-libraries\extension-utils\resources\_excluded_files">
      <UniqueIdentifier>{158E591E-B6EA-0C85-8F5A-18EAFA09B4CE}</UniqueIdentifier>
    </Filter>
  </ItemGroup>
  <ItemGroup>
    <None Include="..\..\..\extensions\modules\widget-utils\widget-utils.lcb">
      <Filter>modules\widget-utils\_excluded_files</Filter>
    </None>
    <None Include="..\..\..\extensions\modules\scriptitems\scriptitems.lcb">
      <Filter>modules\scriptitems\_excluded_files</Filter>
    </None>
    <None Include="..\..\..\extensions\libraries\canvas\canvas.lcb">
      <Filter>libraries\canvas\_excluded_files</Filter>
    </None>
    <None Include="..\..\..\extensions\libraries\iconsvg\iconsvg.lcb">
      <Filter>libraries\iconsvg\_excluded_files</Filter>
    </None>
    <None Include="..\..\..\extensions\libraries\json\json.lcb">
      <Filter>libraries\json\_excluded_files</Filter>
    </None>
    <None Include="..\..\..\extensions\libraries\objectrepository\objectrepository.lcb">
      <Filter>libraries\objectrepository\_excluded_files</Filter>
    </None>
    <None Include="..\..\..\extensions\libraries\ini\ini.lcb">
      <Filter>libraries\ini\_excluded_files</Filter>
    </None>
    <None Include="..\..\..\extensions\libraries\timezone\timezone.lcb">
      <Filter>libraries\timezone\_excluded_files</Filter>
    </None>
    <None Include="..\..\..\extensions\libraries\macstatusmenu\macstatusmenu.lcb">
      <Filter>libraries\macstatusmenu\_excluded_files</Filter>
    </None>
    <None Include="..\..\..\extensions\libraries\macoswindowresizeanimation\macoswindowresizeanimation.lcb">
      <Filter>libraries\macoswindowresizeanimation\_excluded_files</Filter>
    </None>
    <None Include="..\..\..\extensions\libraries\macosrequestuserattention\macosrequestuserattention.lcb">
      <Filter>libraries\macosrequestuserattention\_excluded_files</Filter>
    </None>
    <None Include="..\..\..\extensions\libraries\macoscontacts\macoscontacts.lcb">
      <Filter>libraries\macoscontacts\_excluded_files</Filter>
    </None>
    <None Include="..\..\..\extensions\libraries\macosdock\macosdock.lcb">
      <Filter>libraries\macosdock\_excluded_files</Filter>
    </None>
    <None Include="..\..\..\extensions\libraries\macosfsevents\macosfsevents.lcb">
      <Filter>libraries\macosfsevents\_excluded_files</Filter>
    </None>
    <None Include="..\..\..\extensions\libraries\macoskeychain\macoskeychain.lcb">
      <Filter>libraries\macoskeychain\_excluded_files</Filter>
    </None>
    <None Include="..\..\..\extensions\libraries\macosmenubar\macosmenubar.lcb">
      <Filter>libraries\macosmenubar\_excluded_files</Filter>
    </None>
    <None Include="..\..\..\extensions\libraries\macostoolbar\macostoolbar.lcb">
      <Filter>libraries\macostoolbar\_excluded_files</Filter>
    </None>

    <None Include="..\..\..\extensions\widgets\macbutton\macbutton.lcb">
      <Filter>widgets\macbutton\_excluded_files</Filter>
    </None>
    <None Include="..\..\..\extensions\widgets\mactextfield\mactextfield.lcb">
      <Filter>widgets\mactextfield\_excluded_files</Filter>
    </None>
    <None Include="..\..\..\extensions\widgets\browser\browser.lcb">
      <Filter>widgets\browser\_excluded_files</Filter>
    </None>
    <None Include="..\..\..\extensions\widgets\clock\clock.lcb">
      <Filter>widgets\clock\_excluded_files</Filter>
    </None>
    <None Include="..\..\..\extensions\widgets\graph\graph.lcb">
      <Filter>widgets\graph\_excluded_files</Filter>
    </None>
    <None Include="..\..\..\extensions\widgets\header\header.lcb">
      <Filter>widgets\header\_excluded_files</Filter>
    </None>
    <None Include="..\..\..\extensions\widgets\iconpicker\iconpicker.lcb">
      <Filter>widgets\iconpicker\_excluded_files</Filter>
    </None>
    <None Include="..\..\..\extensions\widgets\navbar\navbar.lcb">
      <Filter>widgets\navbar\_excluded_files</Filter>
    </None>
    <None Include="..\..\..\extensions\widgets\paletteactions\paletteactions.lcb">
      <Filter>widgets\paletteactions\_excluded_files</Filter>
    </None>
    <None Include="..\..\..\extensions\widgets\segmented\segmented.lcb">
      <Filter>widgets\segmented\_excluded_files</Filter>
    </None>
    <None Include="..\..\..\extensions\widgets\svgpath\svgpath.lcb">
      <Filter>widgets\svgpath\_excluded_files</Filter>
    </None>
    <None Include="..\..\..\extensions\widgets\switchbutton\switchbutton.lcb">
      <Filter>widgets\switchbutton\_excluded_files</Filter>
    </None>
    <None Include="..\..\..\extensions\widgets\treeview\treeview.lcb">
      <Filter>widgets\treeview\_excluded_files</Filter>
    </None>
    <None Include="..\..\..\extensions\widgets\colorswatch\colorswatch.lcb">
      <Filter>widgets\colorswatch\_excluded_files</Filter>
    </None>
    <None Include="..\..\..\extensions\widgets\gradientrampeditor\gradientrampeditor.lcb">
      <Filter>widgets\gradientrampeditor\_excluded_files</Filter>
    </None>
    <None Include="..\..\..\extensions\widgets\tile\tile.lcb">
      <Filter>widgets\tile\_excluded_files</Filter>
    </None>
    <None Include="..\..\..\extensions\widgets\spinner\spinner.lcb">
      <Filter>widgets\spinner\_excluded_files</Filter>
    </None>
    <None Include="..\..\..\extensions\extensions.gyp"/>
    <None Include="..\..\..\extensions\script-libraries\extension-utils\resources\extension-utils.lc">
      <Filter>script-libraries\extension-utils\resources\_excluded_files</Filter>
    </None>
  </ItemGroup>
</Project>
